
Microsoft Visual Studio Solution File, Format Version 12.00
# Visual Studio 15
VisualStudioVersion = 15.0.27130.2027
MinimumVisualStudioVersion = 10.0.40219.1
Project("{FAE04EC0-301F-11D3-BF4B-00C04F79EFBC}") = "DockerAPI", "DockerAPI\DockerAPI.csproj", "{F33B4909-4074-4B91-BA7F-33C53D3DFC85}"
EndProject
Project("{E53339B2-1760-4266-BCC7-CA923CBCF16C}") = "docker-compose", "docker-compose.dcproj", "{50AEA065-1CC0-496A-9E0B-59D5F140533E}"
EndProject
Global
	GlobalSection(SolutionConfigurationPlatforms) = preSolution
		Debug|Any CPU = Debug|Any CPU
		Release|Any CPU = Release|Any CPU
	EndGlobalSection
	GlobalSection(ProjectConfigurationPlatforms) = postSolution
		{F33B4909-4074-4B91-BA7F-33C53D3DFC85}.Debug|Any CPU.ActiveCfg = Debug|Any CPU
		{F33B4909-4074-4B91-BA7F-33C53D3DFC85}.Debug|Any CPU.Build.0 = Debug|Any CPU
		{F33B4909-4074-4B91-BA7F-33C53D3DFC85}.Release|Any CPU.ActiveCfg = Release|Any CPU
		{F33B4909-4074-4B91-BA7F-33C53D3DFC85}.Release|Any CPU.Build.0 = Release|Any CPU
		{50AEA065-1CC0-496A-9E0B-59D5F140533E}.Debug|Any CPU.ActiveCfg = Debug|Any CPU
		{50AEA065-1CC0-496A-9E0B-59D5F140533E}.Debug|Any CPU.Build.0 = Debug|Any CPU
		{50AEA065-1CC0-496A-9E0B-59D5F140533E}.Release|Any CPU.ActiveCfg = Release|Any CPU
		{50AEA065-1CC0-496A-9E0B-59D5F140533E}.Release|Any CPU.Build.0 = Release|Any CPU
	EndGlobalSection
	GlobalSection(SolutionProperties) = preSolution
		HideSolutionNode = FALSE
	EndGlobalSection
	GlobalSection(ExtensibilityGlobals) = postSolution
		SolutionGuid = {393D105A-E781-472B-AF07-191A1B837319}
	EndGlobalSection
EndGlobal
